
Microsoft Visual Studio Solution File, Format Version 12.00
# Visual Studio Version 17
VisualStudioVersion = 17.4.33205.214
MinimumVisualStudioVersion = 10.0.40219.1
Project("{9A19103F-16F7-4668-BE54-9A1E7A4F7556}") = "SurvivalGameServer", "SurvivalGameServer.csproj", "{10B1C8FD-A17F-43AA-B07F-9F4A69257F06}"
EndProject
Global
	GlobalSection(SolutionConfigurationPlatforms) = preSolution
		Debug|Any CPU = Debug|Any CPU
		Release|Any CPU = Release|Any CPU
	EndGlobalSection
	GlobalSection(ProjectConfigurationPlatforms) = postSolution
		{10B1C8FD-A17F-43AA-B07F-9F4A69257F06}.Debug|Any CPU.ActiveCfg = Debug|Any CPU
		{10B1C8FD-A17F-43AA-B07F-9F4A69257F06}.Debug|Any CPU.Build.0 = Debug|Any CPU
		{10B1C8FD-A17F-43AA-B07F-9F4A69257F06}.Release|Any CPU.ActiveCfg = Release|Any CPU
		{10B1C8FD-A17F-43AA-B07F-9F4A69257F06}.Release|Any CPU.Build.0 = Release|Any CPU
	EndGlobalSection
	GlobalSection(SolutionProperties) = preSolution
		HideSolutionNode = FALSE
	EndGlobalSection
	GlobalSection(ExtensibilityGlobals) = postSolution
		SolutionGuid = {951C37E8-4BA3-4A4F-9EDA-DF4065AD3B92}
	EndGlobalSection
EndGlobal
